
Microsoft Visual Studio Solution File, Format Version 12.00
# Visual Studio Version 17
VisualStudioVersion = 17.1.31911.260
MinimumVisualStudioVersion = 10.0.40219.1
Project("{9A19103F-16F7-4668-BE54-9A1E7A4F7556}") = "2011.FinalValueOfVariableAfterPerformingOperations", "2011.FinalValueOfVariableAfterPerformingOperations\2011.FinalValueOfVariableAfterPerformingOperations.csproj", "{65C1C884-4FB6-4D43-845C-79751BFE540C}"
EndProject
Global
	GlobalSection(SolutionConfigurationPlatforms) = preSolution
		Debug|Any CPU = Debug|Any CPU
		Release|Any CPU = Release|Any CPU
	EndGlobalSection
	GlobalSection(ProjectConfigurationPlatforms) = postSolution
		{65C1C884-4FB6-4D43-845C-79751BFE540C}.Debug|Any CPU.ActiveCfg = Debug|Any CPU
		{65C1C884-4FB6-4D43-845C-79751BFE540C}.Debug|Any CPU.Build.0 = Debug|Any CPU
		{65C1C884-4FB6-4D43-845C-79751BFE540C}.Release|Any CPU.ActiveCfg = Release|Any CPU
		{65C1C884-4FB6-4D43-845C-79751BFE540C}.Release|Any CPU.Build.0 = Release|Any CPU
	EndGlobalSection
	GlobalSection(SolutionProperties) = preSolution
		HideSolutionNode = FALSE
	EndGlobalSection
	GlobalSection(ExtensibilityGlobals) = postSolution
		SolutionGuid = {A2A623EF-F3B6-457A-85F8-EAF709C3C497}
	EndGlobalSection
EndGlobal
