
Microsoft Visual Studio Solution File, Format Version 12.00
# Visual Studio Version 17
VisualStudioVersion = 17.1.31911.260
MinimumVisualStudioVersion = 10.0.40219.1
Project("{FAE04EC0-301F-11D3-BF4B-00C04F79EFBC}") = "1480.RunningSumOf1dArray", "1480.RunningSumOf1dArray\1480.RunningSumOf1dArray.csproj", "{CB8BEB71-0B05-4001-8E95-927C1F406D48}"
EndProject
Global
	GlobalSection(SolutionConfigurationPlatforms) = preSolution
		Debug|Any CPU = Debug|Any CPU
		Release|Any CPU = Release|Any CPU
	EndGlobalSection
	GlobalSection(ProjectConfigurationPlatforms) = postSolution
		{CB8BEB71-0B05-4001-8E95-927C1F406D48}.Debug|Any CPU.ActiveCfg = Debug|Any CPU
		{CB8BEB71-0B05-4001-8E95-927C1F406D48}.Debug|Any CPU.Build.0 = Debug|Any CPU
		{CB8BEB71-0B05-4001-8E95-927C1F406D48}.Release|Any CPU.ActiveCfg = Release|Any CPU
		{CB8BEB71-0B05-4001-8E95-927C1F406D48}.Release|Any CPU.Build.0 = Release|Any CPU
	EndGlobalSection
	GlobalSection(SolutionProperties) = preSolution
		HideSolutionNode = FALSE
	EndGlobalSection
	GlobalSection(ExtensibilityGlobals) = postSolution
		SolutionGuid = {A2A623EF-F3B6-457A-85F8-EAF709C3C497}
	EndGlobalSection
EndGlobal
